// !$*UTF8*$!
{
	archiveVersion = 1;
	classes = {
	};
	objectVersion = 56;
	objects = {

/* Begin PBXBuildFile section */
		A13BC0342CF03AA400A50249 /* RecipeListRowView.swift in Sources */ = {isa = PBXBuildFile; fileRef = A13BC0332CF03AA400A50249 /* RecipeListRowView.swift */; };
		A13BC0362CF12D4000A50249 /* RecipeFlowConstants.swift in Sources */ = {isa = PBXBuildFile; fileRef = A13BC0352CF12D4000A50249 /* RecipeFlowConstants.swift */; };
		A13BC0392CF12D7600A50249 /* UIConstants.swift in Sources */ = {isa = PBXBuildFile; fileRef = A13BC0382CF12D7600A50249 /* UIConstants.swift */; };
		A13BC0482CF1376100A50249 /* Cache.swift in Sources */ = {isa = PBXBuildFile; fileRef = A13BC0472CF1376100A50249 /* Cache.swift */; };
		A1BF0B622CF0201500F34832 /* FetchInterviewApp.swift in Sources */ = {isa = PBXBuildFile; fileRef = A1BF0B612CF0201500F34832 /* FetchInterviewApp.swift */; };
		A1BF0B642CF0201500F34832 /* RecipeListView.swift in Sources */ = {isa = PBXBuildFile; fileRef = A1BF0B632CF0201500F34832 /* RecipeListView.swift */; };
		A1BF0B662CF0201600F34832 /* Assets.xcassets in Resources */ = {isa = PBXBuildFile; fileRef = A1BF0B652CF0201600F34832 /* Assets.xcassets */; };
		A1BF0B692CF0201600F34832 /* Preview Assets.xcassets in Resources */ = {isa = PBXBuildFile; fileRef = A1BF0B682CF0201600F34832 /* Preview Assets.xcassets */; };
		A1BF0B732CF0201600F34832 /* FetchInterviewTests.swift in Sources */ = {isa = PBXBuildFile; fileRef = A1BF0B722CF0201600F34832 /* FetchInterviewTests.swift */; };
		A1BF0B7D2CF0201600F34832 /* FetchInterviewUITests.swift in Sources */ = {isa = PBXBuildFile; fileRef = A1BF0B7C2CF0201600F34832 /* FetchInterviewUITests.swift */; };
		A1BF0B7F2CF0201600F34832 /* FetchInterviewUITestsLaunchTests.swift in Sources */ = {isa = PBXBuildFile; fileRef = A1BF0B7E2CF0201600F34832 /* FetchInterviewUITestsLaunchTests.swift */; };
		A1BF0B8E2CF0207900F34832 /* FetchMobileTakeHomeProject.pdf in Resources */ = {isa = PBXBuildFile; fileRef = A1BF0B8D2CF0207900F34832 /* FetchMobileTakeHomeProject.pdf */; };
		A1BF0B942CF021C700F34832 /* NetworkService.swift in Sources */ = {isa = PBXBuildFile; fileRef = A1BF0B932CF021C700F34832 /* NetworkService.swift */; };
		A1BF0B962CF021D300F34832 /* Endpoint.swift in Sources */ = {isa = PBXBuildFile; fileRef = A1BF0B952CF021D300F34832 /* Endpoint.swift */; };
		A1BF0B9A2CF0230E00F34832 /* NetworkServiceError.swift in Sources */ = {isa = PBXBuildFile; fileRef = A1BF0B992CF0230E00F34832 /* NetworkServiceError.swift */; };
		A1BF0B9C2CF0239600F34832 /* HTTPMethod.swift in Sources */ = {isa = PBXBuildFile; fileRef = A1BF0B9B2CF0239600F34832 /* HTTPMethod.swift */; };
		A1BF0BA02CF024AD00F34832 /* URLBuilder.swift in Sources */ = {isa = PBXBuildFile; fileRef = A1BF0B9F2CF024AD00F34832 /* URLBuilder.swift */; };
		A1BF0BA22CF025F000F34832 /* HTTPURLResponse.swift in Sources */ = {isa = PBXBuildFile; fileRef = A1BF0BA12CF025F000F34832 /* HTTPURLResponse.swift */; };
		A1BF0BA62CF028CC00F34832 /* Recipe.swift in Sources */ = {isa = PBXBuildFile; fileRef = A1BF0BA52CF028CC00F34832 /* Recipe.swift */; };
		A1BF0BA82CF02AFE00F34832 /* GetRecipesResponse.swift in Sources */ = {isa = PBXBuildFile; fileRef = A1BF0BA72CF02AFE00F34832 /* GetRecipesResponse.swift */; };
		A1BF0BAA2CF02D0D00F34832 /* RecipeListView+ViewModel.swift in Sources */ = {isa = PBXBuildFile; fileRef = A1BF0BA92CF02D0D00F34832 /* RecipeListView+ViewModel.swift */; };
		A1BF0BAC2CF02D2900F34832 /* RecipeListView+ViewState.swift in Sources */ = {isa = PBXBuildFile; fileRef = A1BF0BAB2CF02D2900F34832 /* RecipeListView+ViewState.swift */; };
		A1BF0BAE2CF02D5000F34832 /* RecipeListView+ViewEvent.swift in Sources */ = {isa = PBXBuildFile; fileRef = A1BF0BAD2CF02D5000F34832 /* RecipeListView+ViewEvent.swift */; };
		A1BF0BB02CF02D8300F34832 /* RecipeListViewFactory.swift in Sources */ = {isa = PBXBuildFile; fileRef = A1BF0BAF2CF02D8300F34832 /* RecipeListViewFactory.swift */; };
		A1BF0BB22CF0321C00F34832 /* TestEndpoint.swift in Sources */ = {isa = PBXBuildFile; fileRef = A1BF0BB12CF0321C00F34832 /* TestEndpoint.swift */; };
		A1BF0BB42CF0324800F34832 /* ProductionEndpoint.swift in Sources */ = {isa = PBXBuildFile; fileRef = A1BF0BB32CF0324800F34832 /* ProductionEndpoint.swift */; };
/* End PBXBuildFile section */

/* Begin PBXContainerItemProxy section */
		A1BF0B6F2CF0201600F34832 /* PBXContainerItemProxy */ = {
			isa = PBXContainerItemProxy;
			containerPortal = A1BF0B562CF0201500F34832 /* Project object */;
			proxyType = 1;
			remoteGlobalIDString = A1BF0B5D2CF0201500F34832;
			remoteInfo = FetchInterview;
		};
		A1BF0B792CF0201600F34832 /* PBXContainerItemProxy */ = {
			isa = PBXContainerItemProxy;
			containerPortal = A1BF0B562CF0201500F34832 /* Project object */;
			proxyType = 1;
			remoteGlobalIDString = A1BF0B5D2CF0201500F34832;
			remoteInfo = FetchInterview;
		};
/* End PBXContainerItemProxy section */

/* Begin PBXFileReference section */
		A13BC0332CF03AA400A50249 /* RecipeListRowView.swift */ = {isa = PBXFileReference; lastKnownFileType = sourcecode.swift; path = RecipeListRowView.swift; sourceTree = "<group>"; };
		A13BC0352CF12D4000A50249 /* RecipeFlowConstants.swift */ = {isa = PBXFileReference; lastKnownFileType = sourcecode.swift; path = RecipeFlowConstants.swift; sourceTree = "<group>"; };
		A13BC0382CF12D7600A50249 /* UIConstants.swift */ = {isa = PBXFileReference; lastKnownFileType = sourcecode.swift; path = UIConstants.swift; sourceTree = "<group>"; };
		A13BC0472CF1376100A50249 /* Cache.swift */ = {isa = PBXFileReference; lastKnownFileType = sourcecode.swift; path = Cache.swift; sourceTree = "<group>"; };
		A1BF0B5E2CF0201500F34832 /* FetchInterview.app */ = {isa = PBXFileReference; explicitFileType = wrapper.application; includeInIndex = 0; path = FetchInterview.app; sourceTree = BUILT_PRODUCTS_DIR; };
		A1BF0B612CF0201500F34832 /* FetchInterviewApp.swift */ = {isa = PBXFileReference; lastKnownFileType = sourcecode.swift; path = FetchInterviewApp.swift; sourceTree = "<group>"; };
		A1BF0B632CF0201500F34832 /* RecipeListView.swift */ = {isa = PBXFileReference; lastKnownFileType = sourcecode.swift; path = RecipeListView.swift; sourceTree = "<group>"; };
		A1BF0B652CF0201600F34832 /* Assets.xcassets */ = {isa = PBXFileReference; lastKnownFileType = folder.assetcatalog; path = Assets.xcassets; sourceTree = "<group>"; };
		A1BF0B682CF0201600F34832 /* Preview Assets.xcassets */ = {isa = PBXFileReference; lastKnownFileType = folder.assetcatalog; path = "Preview Assets.xcassets"; sourceTree = "<group>"; };
		A1BF0B6E2CF0201600F34832 /* FetchInterviewTests.xctest */ = {isa = PBXFileReference; explicitFileType = wrapper.cfbundle; includeInIndex = 0; path = FetchInterviewTests.xctest; sourceTree = BUILT_PRODUCTS_DIR; };
		A1BF0B722CF0201600F34832 /* FetchInterviewTests.swift */ = {isa = PBXFileReference; lastKnownFileType = sourcecode.swift; path = FetchInterviewTests.swift; sourceTree = "<group>"; };
		A1BF0B782CF0201600F34832 /* FetchInterviewUITests.xctest */ = {isa = PBXFileReference; explicitFileType = wrapper.cfbundle; includeInIndex = 0; path = FetchInterviewUITests.xctest; sourceTree = BUILT_PRODUCTS_DIR; };
		A1BF0B7C2CF0201600F34832 /* FetchInterviewUITests.swift */ = {isa = PBXFileReference; lastKnownFileType = sourcecode.swift; path = FetchInterviewUITests.swift; sourceTree = "<group>"; };
		A1BF0B7E2CF0201600F34832 /* FetchInterviewUITestsLaunchTests.swift */ = {isa = PBXFileReference; lastKnownFileType = sourcecode.swift; path = FetchInterviewUITestsLaunchTests.swift; sourceTree = "<group>"; };
		A1BF0B8D2CF0207900F34832 /* FetchMobileTakeHomeProject.pdf */ = {isa = PBXFileReference; lastKnownFileType = image.pdf; path = FetchMobileTakeHomeProject.pdf; sourceTree = "<group>"; };
		A1BF0B8F2CF020FB00F34832 /* README.md */ = {isa = PBXFileReference; lastKnownFileType = net.daringfireball.markdown; path = README.md; sourceTree = "<group>"; };
		A1BF0B932CF021C700F34832 /* NetworkService.swift */ = {isa = PBXFileReference; lastKnownFileType = sourcecode.swift; path = NetworkService.swift; sourceTree = "<group>"; };
		A1BF0B952CF021D300F34832 /* Endpoint.swift */ = {isa = PBXFileReference; lastKnownFileType = sourcecode.swift; path = Endpoint.swift; sourceTree = "<group>"; };
		A1BF0B992CF0230E00F34832 /* NetworkServiceError.swift */ = {isa = PBXFileReference; lastKnownFileType = sourcecode.swift; path = NetworkServiceError.swift; sourceTree = "<group>"; };
		A1BF0B9B2CF0239600F34832 /* HTTPMethod.swift */ = {isa = PBXFileReference; lastKnownFileType = sourcecode.swift; path = HTTPMethod.swift; sourceTree = "<group>"; };
		A1BF0B9F2CF024AD00F34832 /* URLBuilder.swift */ = {isa = PBXFileReference; lastKnownFileType = sourcecode.swift; path = URLBuilder.swift; sourceTree = "<group>"; };
		A1BF0BA12CF025F000F34832 /* HTTPURLResponse.swift */ = {isa = PBXFileReference; lastKnownFileType = sourcecode.swift; path = HTTPURLResponse.swift; sourceTree = "<group>"; };
		A1BF0BA52CF028CC00F34832 /* Recipe.swift */ = {isa = PBXFileReference; lastKnownFileType = sourcecode.swift; path = Recipe.swift; sourceTree = "<group>"; };
		A1BF0BA72CF02AFE00F34832 /* GetRecipesResponse.swift */ = {isa = PBXFileReference; lastKnownFileType = sourcecode.swift; path = GetRecipesResponse.swift; sourceTree = "<group>"; };
		A1BF0BA92CF02D0D00F34832 /* RecipeListView+ViewModel.swift */ = {isa = PBXFileReference; lastKnownFileType = sourcecode.swift; path = "RecipeListView+ViewModel.swift"; sourceTree = "<group>"; };
		A1BF0BAB2CF02D2900F34832 /* RecipeListView+ViewState.swift */ = {isa = PBXFileReference; lastKnownFileType = sourcecode.swift; path = "RecipeListView+ViewState.swift"; sourceTree = "<group>"; };
		A1BF0BAD2CF02D5000F34832 /* RecipeListView+ViewEvent.swift */ = {isa = PBXFileReference; lastKnownFileType = sourcecode.swift; path = "RecipeListView+ViewEvent.swift"; sourceTree = "<group>"; };
		A1BF0BAF2CF02D8300F34832 /* RecipeListViewFactory.swift */ = {isa = PBXFileReference; lastKnownFileType = sourcecode.swift; path = RecipeListViewFactory.swift; sourceTree = "<group>"; };
		A1BF0BB12CF0321C00F34832 /* TestEndpoint.swift */ = {isa = PBXFileReference; lastKnownFileType = sourcecode.swift; path = TestEndpoint.swift; sourceTree = "<group>"; };
		A1BF0BB32CF0324800F34832 /* ProductionEndpoint.swift */ = {isa = PBXFileReference; lastKnownFileType = sourcecode.swift; path = ProductionEndpoint.swift; sourceTree = "<group>"; };
/* End PBXFileReference section */

/* Begin PBXFrameworksBuildPhase section */
		A1BF0B5B2CF0201500F34832 /* Frameworks */ = {
			isa = PBXFrameworksBuildPhase;
			buildActionMask = 2147483647;
			files = (
			);
			runOnlyForDeploymentPostprocessing = 0;
		};
		A1BF0B6B2CF0201600F34832 /* Frameworks */ = {
			isa = PBXFrameworksBuildPhase;
			buildActionMask = 2147483647;
			files = (
			);
			runOnlyForDeploymentPostprocessing = 0;
		};
		A1BF0B752CF0201600F34832 /* Frameworks */ = {
			isa = PBXFrameworksBuildPhase;
			buildActionMask = 2147483647;
			files = (
			);
			runOnlyForDeploymentPostprocessing = 0;
		};
/* End PBXFrameworksBuildPhase section */

/* Begin PBXGroup section */
		A13BC0372CF12D5D00A50249 /* Components */ = {
			isa = PBXGroup;
			children = (
				A13BC0382CF12D7600A50249 /* UIConstants.swift */,
			);
			path = Components;
			sourceTree = "<group>";
		};
		A13BC0462CF136C300A50249 /* Storage */ = {
			isa = PBXGroup;
			children = (
				A13BC0472CF1376100A50249 /* Cache.swift */,
			);
			path = Storage;
			sourceTree = "<group>";
		};
		A1BF0B552CF0201500F34832 = {
			isa = PBXGroup;
			children = (
				A1BF0B8F2CF020FB00F34832 /* README.md */,
				A1BF0B8D2CF0207900F34832 /* FetchMobileTakeHomeProject.pdf */,
				A1BF0B602CF0201500F34832 /* FetchInterview */,
				A1BF0B712CF0201600F34832 /* FetchInterviewTests */,
				A1BF0B7B2CF0201600F34832 /* FetchInterviewUITests */,
				A1BF0B5F2CF0201500F34832 /* Products */,
			);
			sourceTree = "<group>";
		};
		A1BF0B5F2CF0201500F34832 /* Products */ = {
			isa = PBXGroup;
			children = (
				A1BF0B5E2CF0201500F34832 /* FetchInterview.app */,
				A1BF0B6E2CF0201600F34832 /* FetchInterviewTests.xctest */,
				A1BF0B782CF0201600F34832 /* FetchInterviewUITests.xctest */,
			);
			name = Products;
			sourceTree = "<group>";
		};
		A1BF0B602CF0201500F34832 /* FetchInterview */ = {
			isa = PBXGroup;
			children = (
				A13BC0372CF12D5D00A50249 /* Components */,
				A1BF0B922CF0218F00F34832 /* Models */,
				A1BF0B902CF0217A00F34832 /* Networking */,
				A1BF0B912CF0218100F34832 /* RecipesFlow */,
				A13BC0462CF136C300A50249 /* Storage */,
				A1BF0B612CF0201500F34832 /* FetchInterviewApp.swift */,
				A1BF0B652CF0201600F34832 /* Assets.xcassets */,
				A1BF0B672CF0201600F34832 /* Preview Content */,
			);
			path = FetchInterview;
			sourceTree = "<group>";
		};
		A1BF0B672CF0201600F34832 /* Preview Content */ = {
			isa = PBXGroup;
			children = (
				A1BF0B682CF0201600F34832 /* Preview Assets.xcassets */,
			);
			path = "Preview Content";
			sourceTree = "<group>";
		};
		A1BF0B712CF0201600F34832 /* FetchInterviewTests */ = {
			isa = PBXGroup;
			children = (
				A1BF0BB12CF0321C00F34832 /* TestEndpoint.swift */,
				A1BF0B722CF0201600F34832 /* FetchInterviewTests.swift */,
			);
			path = FetchInterviewTests;
			sourceTree = "<group>";
		};
		A1BF0B7B2CF0201600F34832 /* FetchInterviewUITests */ = {
			isa = PBXGroup;
			children = (
				A1BF0B7C2CF0201600F34832 /* FetchInterviewUITests.swift */,
				A1BF0B7E2CF0201600F34832 /* FetchInterviewUITestsLaunchTests.swift */,
			);
			path = FetchInterviewUITests;
			sourceTree = "<group>";
		};
		A1BF0B902CF0217A00F34832 /* Networking */ = {
			isa = PBXGroup;
			children = (
				A1BF0B932CF021C700F34832 /* NetworkService.swift */,
				A1BF0B992CF0230E00F34832 /* NetworkServiceError.swift */,
				A1BF0B952CF021D300F34832 /* Endpoint.swift */,
				A1BF0BB32CF0324800F34832 /* ProductionEndpoint.swift */,
				A1BF0B9F2CF024AD00F34832 /* URLBuilder.swift */,
				A1BF0B9B2CF0239600F34832 /* HTTPMethod.swift */,
				A1BF0BA12CF025F000F34832 /* HTTPURLResponse.swift */,
			);
			path = Networking;
			sourceTree = "<group>";
		};
		A1BF0B912CF0218100F34832 /* RecipesFlow */ = {
			isa = PBXGroup;
			children = (
				A13BC0352CF12D4000A50249 /* RecipeFlowConstants.swift */,
				A1BF0BAF2CF02D8300F34832 /* RecipeListViewFactory.swift */,
				A1BF0B632CF0201500F34832 /* RecipeListView.swift */,
				A1BF0BA92CF02D0D00F34832 /* RecipeListView+ViewModel.swift */,
				A1BF0BAB2CF02D2900F34832 /* RecipeListView+ViewState.swift */,
				A1BF0BAD2CF02D5000F34832 /* RecipeListView+ViewEvent.swift */,
				A13BC0332CF03AA400A50249 /* RecipeListRowView.swift */,
			);
			path = RecipesFlow;
			sourceTree = "<group>";
		};
		A1BF0B922CF0218F00F34832 /* Models */ = {
			isa = PBXGroup;
			children = (
				A1BF0BA52CF028CC00F34832 /* Recipe.swift */,
				A1BF0BA72CF02AFE00F34832 /* GetRecipesResponse.swift */,
			);
			path = Models;
			sourceTree = "<group>";
		};
/* End PBXGroup section */

/* Begin PBXNativeTarget section */
		A1BF0B5D2CF0201500F34832 /* FetchInterview */ = {
			isa = PBXNativeTarget;
			buildConfigurationList = A1BF0B822CF0201600F34832 /* Build configuration list for PBXNativeTarget "FetchInterview" */;
			buildPhases = (
				A1BF0B5A2CF0201500F34832 /* Sources */,
				A1BF0B5B2CF0201500F34832 /* Frameworks */,
				A1BF0B5C2CF0201500F34832 /* Resources */,
			);
			buildRules = (
			);
			dependencies = (
			);
			name = FetchInterview;
			productName = FetchInterview;
			productReference = A1BF0B5E2CF0201500F34832 /* FetchInterview.app */;
			productType = "com.apple.product-type.application";
		};
		A1BF0B6D2CF0201600F34832 /* FetchInterviewTests */ = {
			isa = PBXNativeTarget;
			buildConfigurationList = A1BF0B852CF0201600F34832 /* Build configuration list for PBXNativeTarget "FetchInterviewTests" */;
			buildPhases = (
				A1BF0B6A2CF0201600F34832 /* Sources */,
				A1BF0B6B2CF0201600F34832 /* Frameworks */,
				A1BF0B6C2CF0201600F34832 /* Resources */,
			);
			buildRules = (
			);
			dependencies = (
				A1BF0B702CF0201600F34832 /* PBXTargetDependency */,
			);
			name = FetchInterviewTests;
			productName = FetchInterviewTests;
			productReference = A1BF0B6E2CF0201600F34832 /* FetchInterviewTests.xctest */;
			productType = "com.apple.product-type.bundle.unit-test";
		};
		A1BF0B772CF0201600F34832 /* FetchInterviewUITests */ = {
			isa = PBXNativeTarget;
			buildConfigurationList = A1BF0B882CF0201600F34832 /* Build configuration list for PBXNativeTarget "FetchInterviewUITests" */;
			buildPhases = (
				A1BF0B742CF0201600F34832 /* Sources */,
				A1BF0B752CF0201600F34832 /* Frameworks */,
				A1BF0B762CF0201600F34832 /* Resources */,
			);
			buildRules = (
			);
			dependencies = (
				A1BF0B7A2CF0201600F34832 /* PBXTargetDependency */,
			);
			name = FetchInterviewUITests;
			productName = FetchInterviewUITests;
			productReference = A1BF0B782CF0201600F34832 /* FetchInterviewUITests.xctest */;
			productType = "com.apple.product-type.bundle.ui-testing";
		};
/* End PBXNativeTarget section */

/* Begin PBXProject section */
		A1BF0B562CF0201500F34832 /* Project object */ = {
			isa = PBXProject;
			attributes = {
				BuildIndependentTargetsInParallel = 1;
				LastSwiftUpdateCheck = 1540;
				LastUpgradeCheck = 1540;
				TargetAttributes = {
					A1BF0B5D2CF0201500F34832 = {
						CreatedOnToolsVersion = 15.4;
					};
					A1BF0B6D2CF0201600F34832 = {
						CreatedOnToolsVersion = 15.4;
						TestTargetID = A1BF0B5D2CF0201500F34832;
					};
					A1BF0B772CF0201600F34832 = {
						CreatedOnToolsVersion = 15.4;
						TestTargetID = A1BF0B5D2CF0201500F34832;
					};
				};
			};
			buildConfigurationList = A1BF0B592CF0201500F34832 /* Build configuration list for PBXProject "FetchInterview" */;
			compatibilityVersion = "Xcode 14.0";
			developmentRegion = en;
			hasScannedForEncodings = 0;
			knownRegions = (
				en,
				Base,
			);
			mainGroup = A1BF0B552CF0201500F34832;
			productRefGroup = A1BF0B5F2CF0201500F34832 /* Products */;
			projectDirPath = "";
			projectRoot = "";
			targets = (
				A1BF0B5D2CF0201500F34832 /* FetchInterview */,
				A1BF0B6D2CF0201600F34832 /* FetchInterviewTests */,
				A1BF0B772CF0201600F34832 /* FetchInterviewUITests */,
			);
		};
/* End PBXProject section */

/* Begin PBXResourcesBuildPhase section */
		A1BF0B5C2CF0201500F34832 /* Resources */ = {
			isa = PBXResourcesBuildPhase;
			buildActionMask = 2147483647;
			files = (
				A1BF0B8E2CF0207900F34832 /* FetchMobileTakeHomeProject.pdf in Resources */,
				A1BF0B692CF0201600F34832 /* Preview Assets.xcassets in Resources */,
				A1BF0B662CF0201600F34832 /* Assets.xcassets in Resources */,
			);
			runOnlyForDeploymentPostprocessing = 0;
		};
		A1BF0B6C2CF0201600F34832 /* Resources */ = {
			isa = PBXResourcesBuildPhase;
			buildActionMask = 2147483647;
			files = (
			);
			runOnlyForDeploymentPostprocessing = 0;
		};
		A1BF0B762CF0201600F34832 /* Resources */ = {
			isa = PBXResourcesBuildPhase;
			buildActionMask = 2147483647;
			files = (
			);
			runOnlyForDeploymentPostprocessing = 0;
		};
/* End PBXResourcesBuildPhase section */

/* Begin PBXSourcesBuildPhase section */
		A1BF0B5A2CF0201500F34832 /* Sources */ = {
			isa = PBXSourcesBuildPhase;
			buildActionMask = 2147483647;
			files = (
				A13BC0362CF12D4000A50249 /* RecipeFlowConstants.swift in Sources */,
				A1BF0BAE2CF02D5000F34832 /* RecipeListView+ViewEvent.swift in Sources */,
				A1BF0B9A2CF0230E00F34832 /* NetworkServiceError.swift in Sources */,
				A1BF0B642CF0201500F34832 /* RecipeListView.swift in Sources */,
				A1BF0BAA2CF02D0D00F34832 /* RecipeListView+ViewModel.swift in Sources */,
				A1BF0BA22CF025F000F34832 /* HTTPURLResponse.swift in Sources */,
				A1BF0BA82CF02AFE00F34832 /* GetRecipesResponse.swift in Sources */,
				A1BF0BB42CF0324800F34832 /* ProductionEndpoint.swift in Sources */,
				A1BF0B9C2CF0239600F34832 /* HTTPMethod.swift in Sources */,
				A1BF0B942CF021C700F34832 /* NetworkService.swift in Sources */,
				A13BC0342CF03AA400A50249 /* RecipeListRowView.swift in Sources */,
				A13BC0482CF1376100A50249 /* Cache.swift in Sources */,
				A13BC0392CF12D7600A50249 /* UIConstants.swift in Sources */,
				A1BF0BAC2CF02D2900F34832 /* RecipeListView+ViewState.swift in Sources */,
				A1BF0BA02CF024AD00F34832 /* URLBuilder.swift in Sources */,
				A1BF0B962CF021D300F34832 /* Endpoint.swift in Sources */,
				A1BF0B622CF0201500F34832 /* FetchInterviewApp.swift in Sources */,
				A1BF0BA62CF028CC00F34832 /* Recipe.swift in Sources */,
				A1BF0BB02CF02D8300F34832 /* RecipeListViewFactory.swift in Sources */,
			);
			runOnlyForDeploymentPostprocessing = 0;
		};
		A1BF0B6A2CF0201600F34832 /* Sources */ = {
			isa = PBXSourcesBuildPhase;
			buildActionMask = 2147483647;
			files = (
				A1BF0BB22CF0321C00F34832 /* TestEndpoint.swift in Sources */,
				A1BF0B732CF0201600F34832 /* FetchInterviewTests.swift in Sources */,
			);
			runOnlyForDeploymentPostprocessing = 0;
		};
		A1BF0B742CF0201600F34832 /* Sources */ = {
			isa = PBXSourcesBuildPhase;
			buildActionMask = 2147483647;
			files = (
				A1BF0B7D2CF0201600F34832 /* FetchInterviewUITests.swift in Sources */,
				A1BF0B7F2CF0201600F34832 /* FetchInterviewUITestsLaunchTests.swift in Sources */,
			);
			runOnlyForDeploymentPostprocessing = 0;
		};
/* End PBXSourcesBuildPhase section */

/* Begin PBXTargetDependency section */
		A1BF0B702CF0201600F34832 /* PBXTargetDependency */ = {
			isa = PBXTargetDependency;
			target = A1BF0B5D2CF0201500F34832 /* FetchInterview */;
			targetProxy = A1BF0B6F2CF0201600F34832 /* PBXContainerItemProxy */;
		};
		A1BF0B7A2CF0201600F34832 /* PBXTargetDependency */ = {
			isa = PBXTargetDependency;
			target = A1BF0B5D2CF0201500F34832 /* FetchInterview */;
			targetProxy = A1BF0B792CF0201600F34832 /* PBXContainerItemProxy */;
		};
/* End PBXTargetDependency section */

/* Begin XCBuildConfiguration section */
		A1BF0B802CF0201600F34832 /* Debug */ = {
			isa = XCBuildConfiguration;
			buildSettings = {
				ALWAYS_SEARCH_USER_PATHS = NO;
				ASSETCATALOG_COMPILER_GENERATE_SWIFT_ASSET_SYMBOL_EXTENSIONS = YES;
				CLANG_ANALYZER_NONNULL = YES;
				CLANG_ANALYZER_NUMBER_OBJECT_CONVERSION = YES_AGGRESSIVE;
				CLANG_CXX_LANGUAGE_STANDARD = "gnu++20";
				CLANG_ENABLE_MODULES = YES;
				CLANG_ENABLE_OBJC_ARC = YES;
				CLANG_ENABLE_OBJC_WEAK = YES;
				CLANG_WARN_BLOCK_CAPTURE_AUTORELEASING = YES;
				CLANG_WARN_BOOL_CONVERSION = YES;
				CLANG_WARN_COMMA = YES;
				CLANG_WARN_CONSTANT_CONVERSION = YES;
				CLANG_WARN_DEPRECATED_OBJC_IMPLEMENTATIONS = YES;
				CLANG_WARN_DIRECT_OBJC_ISA_USAGE = YES_ERROR;
				CLANG_WARN_DOCUMENTATION_COMMENTS = YES;
				CLANG_WARN_EMPTY_BODY = YES;
				CLANG_WARN_ENUM_CONVERSION = YES;
				CLANG_WARN_INFINITE_RECURSION = YES;
				CLANG_WARN_INT_CONVERSION = YES;
				CLANG_WARN_NON_LITERAL_NULL_CONVERSION = YES;
				CLANG_WARN_OBJC_IMPLICIT_RETAIN_SELF = YES;
				CLANG_WARN_OBJC_LITERAL_CONVERSION = YES;
				CLANG_WARN_OBJC_ROOT_CLASS = YES_ERROR;
				CLANG_WARN_QUOTED_INCLUDE_IN_FRAMEWORK_HEADER = YES;
				CLANG_WARN_RANGE_LOOP_ANALYSIS = YES;
				CLANG_WARN_STRICT_PROTOTYPES = YES;
				CLANG_WARN_SUSPICIOUS_MOVE = YES;
				CLANG_WARN_UNGUARDED_AVAILABILITY = YES_AGGRESSIVE;
				CLANG_WARN_UNREACHABLE_CODE = YES;
				CLANG_WARN__DUPLICATE_METHOD_MATCH = YES;
				COPY_PHASE_STRIP = NO;
				DEBUG_INFORMATION_FORMAT = dwarf;
				ENABLE_STRICT_OBJC_MSGSEND = YES;
				ENABLE_TESTABILITY = YES;
				ENABLE_USER_SCRIPT_SANDBOXING = YES;
				GCC_C_LANGUAGE_STANDARD = gnu17;
				GCC_DYNAMIC_NO_PIC = NO;
				GCC_NO_COMMON_BLOCKS = YES;
				GCC_OPTIMIZATION_LEVEL = 0;
				GCC_PREPROCESSOR_DEFINITIONS = (
					"DEBUG=1",
					"$(inherited)",
				);
				GCC_WARN_64_TO_32_BIT_CONVERSION = YES;
				GCC_WARN_ABOUT_RETURN_TYPE = YES_ERROR;
				GCC_WARN_UNDECLARED_SELECTOR = YES;
				GCC_WARN_UNINITIALIZED_AUTOS = YES_AGGRESSIVE;
				GCC_WARN_UNUSED_FUNCTION = YES;
				GCC_WARN_UNUSED_VARIABLE = YES;
				IPHONEOS_DEPLOYMENT_TARGET = 17.5;
				LOCALIZATION_PREFERS_STRING_CATALOGS = YES;
				MTL_ENABLE_DEBUG_INFO = INCLUDE_SOURCE;
				MTL_FAST_MATH = YES;
				ONLY_ACTIVE_ARCH = YES;
				SDKROOT = iphoneos;
				SWIFT_ACTIVE_COMPILATION_CONDITIONS = "DEBUG $(inherited)";
				SWIFT_OPTIMIZATION_LEVEL = "-Onone";
			};
			name = Debug;
		};
		A1BF0B812CF0201600F34832 /* Release */ = {
			isa = XCBuildConfiguration;
			buildSettings = {
				ALWAYS_SEARCH_USER_PATHS = NO;
				ASSETCATALOG_COMPILER_GENERATE_SWIFT_ASSET_SYMBOL_EXTENSIONS = YES;
				CLANG_ANALYZER_NONNULL = YES;
				CLANG_ANALYZER_NUMBER_OBJECT_CONVERSION = YES_AGGRESSIVE;
				CLANG_CXX_LANGUAGE_STANDARD = "gnu++20";
				CLANG_ENABLE_MODULES = YES;
				CLANG_ENABLE_OBJC_ARC = YES;
				CLANG_ENABLE_OBJC_WEAK = YES;
				CLANG_WARN_BLOCK_CAPTURE_AUTORELEASING = YES;
				CLANG_WARN_BOOL_CONVERSION = YES;
				CLANG_WARN_COMMA = YES;
				CLANG_WARN_CONSTANT_CONVERSION = YES;
				CLANG_WARN_DEPRECATED_OBJC_IMPLEMENTATIONS = YES;
				CLANG_WARN_DIRECT_OBJC_ISA_USAGE = YES_ERROR;
				CLANG_WARN_DOCUMENTATION_COMMENTS = YES;
				CLANG_WARN_EMPTY_BODY = YES;
				CLANG_WARN_ENUM_CONVERSION = YES;
				CLANG_WARN_INFINITE_RECURSION = YES;
				CLANG_WARN_INT_CONVERSION = YES;
				CLANG_WARN_NON_LITERAL_NULL_CONVERSION = YES;
				CLANG_WARN_OBJC_IMPLICIT_RETAIN_SELF = YES;
				CLANG_WARN_OBJC_LITERAL_CONVERSION = YES;
				CLANG_WARN_OBJC_ROOT_CLASS = YES_ERROR;
				CLANG_WARN_QUOTED_INCLUDE_IN_FRAMEWORK_HEADER = YES;
				CLANG_WARN_RANGE_LOOP_ANALYSIS = YES;
				CLANG_WARN_STRICT_PROTOTYPES = YES;
				CLANG_WARN_SUSPICIOUS_MOVE = YES;
				CLANG_WARN_UNGUARDED_AVAILABILITY = YES_AGGRESSIVE;
				CLANG_WARN_UNREACHABLE_CODE = YES;
				CLANG_WARN__DUPLICATE_METHOD_MATCH = YES;
				COPY_PHASE_STRIP = NO;
				DEBUG_INFORMATION_FORMAT = "dwarf-with-dsym";
				ENABLE_NS_ASSERTIONS = NO;
				ENABLE_STRICT_OBJC_MSGSEND = YES;
				ENABLE_USER_SCRIPT_SANDBOXING = YES;
				GCC_C_LANGUAGE_STANDARD = gnu17;
				GCC_NO_COMMON_BLOCKS = YES;
				GCC_WARN_64_TO_32_BIT_CONVERSION = YES;
				GCC_WARN_ABOUT_RETURN_TYPE = YES_ERROR;
				GCC_WARN_UNDECLARED_SELECTOR = YES;
				GCC_WARN_UNINITIALIZED_AUTOS = YES_AGGRESSIVE;
				GCC_WARN_UNUSED_FUNCTION = YES;
				GCC_WARN_UNUSED_VARIABLE = YES;
				IPHONEOS_DEPLOYMENT_TARGET = 17.5;
				LOCALIZATION_PREFERS_STRING_CATALOGS = YES;
				MTL_ENABLE_DEBUG_INFO = NO;
				MTL_FAST_MATH = YES;
				SDKROOT = iphoneos;
				SWIFT_COMPILATION_MODE = wholemodule;
				VALIDATE_PRODUCT = YES;
			};
			name = Release;
		};
		A1BF0B832CF0201600F34832 /* Debug */ = {
			isa = XCBuildConfiguration;
			buildSettings = {
				ASSETCATALOG_COMPILER_APPICON_NAME = AppIcon;
				ASSETCATALOG_COMPILER_GLOBAL_ACCENT_COLOR_NAME = AccentColor;
				CODE_SIGN_STYLE = Automatic;
				CURRENT_PROJECT_VERSION = 1;
				DEVELOPMENT_ASSET_PATHS = "\"FetchInterview/Preview Content\"";
				DEVELOPMENT_TEAM = DCLHR77W8M;
				ENABLE_PREVIEWS = YES;
				GENERATE_INFOPLIST_FILE = YES;
				INFOPLIST_KEY_UIApplicationSceneManifest_Generation = YES;
				INFOPLIST_KEY_UIApplicationSupportsIndirectInputEvents = YES;
				INFOPLIST_KEY_UILaunchScreen_Generation = YES;
				INFOPLIST_KEY_UISupportedInterfaceOrientations_iPad = "UIInterfaceOrientationPortrait UIInterfaceOrientationPortraitUpsideDown UIInterfaceOrientationLandscapeLeft UIInterfaceOrientationLandscapeRight";
				INFOPLIST_KEY_UISupportedInterfaceOrientations_iPhone = "UIInterfaceOrientationPortrait UIInterfaceOrientationLandscapeLeft UIInterfaceOrientationLandscapeRight";
				LD_RUNPATH_SEARCH_PATHS = (
					"$(inherited)",
					"@executable_path/Frameworks",
				);
				MARKETING_VERSION = 1.0;
				PRODUCT_BUNDLE_IDENTIFIER = zacheryowagner.FetchInterview;
				PRODUCT_NAME = "$(TARGET_NAME)";
				SWIFT_EMIT_LOC_STRINGS = YES;
				SWIFT_VERSION = 5.0;
				TARGETED_DEVICE_FAMILY = "1,2";
			};
			name = Debug;
		};
		A1BF0B842CF0201600F34832 /* Release */ = {
			isa = XCBuildConfiguration;
			buildSettings = {
				ASSETCATALOG_COMPILER_APPICON_NAME = AppIcon;
				ASSETCATALOG_COMPILER_GLOBAL_ACCENT_COLOR_NAME = AccentColor;
				CODE_SIGN_STYLE = Automatic;
				CURRENT_PROJECT_VERSION = 1;
				DEVELOPMENT_ASSET_PATHS = "\"FetchInterview/Preview Content\"";
				DEVELOPMENT_TEAM = DCLHR77W8M;
				ENABLE_PREVIEWS = YES;
				GENERATE_INFOPLIST_FILE = YES;
				INFOPLIST_KEY_UIApplicationSceneManifest_Generation = YES;
				INFOPLIST_KEY_UIApplicationSupportsIndirectInputEvents = YES;
				INFOPLIST_KEY_UILaunchScreen_Generation = YES;
				INFOPLIST_KEY_UISupportedInterfaceOrientations_iPad = "UIInterfaceOrientationPortrait UIInterfaceOrientationPortraitUpsideDown UIInterfaceOrientationLandscapeLeft UIInterfaceOrientationLandscapeRight";
				INFOPLIST_KEY_UISupportedInterfaceOrientations_iPhone = "UIInterfaceOrientationPortrait UIInterfaceOrientationLandscapeLeft UIInterfaceOrientationLandscapeRight";
				LD_RUNPATH_SEARCH_PATHS = (
					"$(inherited)",
					"@executable_path/Frameworks",
				);
				MARKETING_VERSION = 1.0;
				PRODUCT_BUNDLE_IDENTIFIER = zacheryowagner.FetchInterview;
				PRODUCT_NAME = "$(TARGET_NAME)";
				SWIFT_EMIT_LOC_STRINGS = YES;
				SWIFT_VERSION = 5.0;
				TARGETED_DEVICE_FAMILY = "1,2";
			};
			name = Release;
		};
		A1BF0B862CF0201600F34832 /* Debug */ = {
			isa = XCBuildConfiguration;
			buildSettings = {
				ALWAYS_EMBED_SWIFT_STANDARD_LIBRARIES = YES;
				BUNDLE_LOADER = "$(TEST_HOST)";
				CODE_SIGN_STYLE = Automatic;
				CURRENT_PROJECT_VERSION = 1;
				DEVELOPMENT_TEAM = DCLHR77W8M;
				GENERATE_INFOPLIST_FILE = YES;
				IPHONEOS_DEPLOYMENT_TARGET = 17.5;
				MARKETING_VERSION = 1.0;
				PRODUCT_BUNDLE_IDENTIFIER = zacheryowagner.FetchInterviewTests;
				PRODUCT_NAME = "$(TARGET_NAME)";
				SWIFT_EMIT_LOC_STRINGS = NO;
				SWIFT_VERSION = 5.0;
				TARGETED_DEVICE_FAMILY = "1,2";
				TEST_HOST = "$(BUILT_PRODUCTS_DIR)/FetchInterview.app/$(BUNDLE_EXECUTABLE_FOLDER_PATH)/FetchInterview";
			};
			name = Debug;
		};
		A1BF0B872CF0201600F34832 /* Release */ = {
			isa = XCBuildConfiguration;
			buildSettings = {
				ALWAYS_EMBED_SWIFT_STANDARD_LIBRARIES = YES;
				BUNDLE_LOADER = "$(TEST_HOST)";
				CODE_SIGN_STYLE = Automatic;
				CURRENT_PROJECT_VERSION = 1;
				DEVELOPMENT_TEAM = DCLHR77W8M;
				GENERATE_INFOPLIST_FILE = YES;
				IPHONEOS_DEPLOYMENT_TARGET = 17.5;
				MARKETING_VERSION = 1.0;
				PRODUCT_BUNDLE_IDENTIFIER = zacheryowagner.FetchInterviewTests;
				PRODUCT_NAME = "$(TARGET_NAME)";
				SWIFT_EMIT_LOC_STRINGS = NO;
				SWIFT_VERSION = 5.0;
				TARGETED_DEVICE_FAMILY = "1,2";
				TEST_HOST = "$(BUILT_PRODUCTS_DIR)/FetchInterview.app/$(BUNDLE_EXECUTABLE_FOLDER_PATH)/FetchInterview";
			};
			name = Release;
		};
		A1BF0B892CF0201600F34832 /* Debug */ = {
			isa = XCBuildConfiguration;
			buildSettings = {
				ALWAYS_EMBED_SWIFT_STANDARD_LIBRARIES = YES;
				CODE_SIGN_STYLE = Automatic;
				CURRENT_PROJECT_VERSION = 1;
				DEVELOPMENT_TEAM = DCLHR77W8M;
				GENERATE_INFOPLIST_FILE = YES;
				MARKETING_VERSION = 1.0;
				PRODUCT_BUNDLE_IDENTIFIER = zacheryowagner.FetchInterviewUITests;
				PRODUCT_NAME = "$(TARGET_NAME)";
				SWIFT_EMIT_LOC_STRINGS = NO;
				SWIFT_VERSION = 5.0;
				TARGETED_DEVICE_FAMILY = "1,2";
				TEST_TARGET_NAME = FetchInterview;
			};
			name = Debug;
		};
		A1BF0B8A2CF0201600F34832 /* Release */ = {
			isa = XCBuildConfiguration;
			buildSettings = {
				ALWAYS_EMBED_SWIFT_STANDARD_LIBRARIES = YES;
				CODE_SIGN_STYLE = Automatic;
				CURRENT_PROJECT_VERSION = 1;
				DEVELOPMENT_TEAM = DCLHR77W8M;
				GENERATE_INFOPLIST_FILE = YES;
				MARKETING_VERSION = 1.0;
				PRODUCT_BUNDLE_IDENTIFIER = zacheryowagner.FetchInterviewUITests;
				PRODUCT_NAME = "$(TARGET_NAME)";
				SWIFT_EMIT_LOC_STRINGS = NO;
				SWIFT_VERSION = 5.0;
				TARGETED_DEVICE_FAMILY = "1,2";
				TEST_TARGET_NAME = FetchInterview;
			};
			name = Release;
		};
/* End XCBuildConfiguration section */

/* Begin XCConfigurationList section */
		A1BF0B592CF0201500F34832 /* Build configuration list for PBXProject "FetchInterview" */ = {
			isa = XCConfigurationList;
			buildConfigurations = (
				A1BF0B802CF0201600F34832 /* Debug */,
				A1BF0B812CF0201600F34832 /* Release */,
			);
			defaultConfigurationIsVisible = 0;
			defaultConfigurationName = Release;
		};
		A1BF0B822CF0201600F34832 /* Build configuration list for PBXNativeTarget "FetchInterview" */ = {
			isa = XCConfigurationList;
			buildConfigurations = (
				A1BF0B832CF0201600F34832 /* Debug */,
				A1BF0B842CF0201600F34832 /* Release */,
			);
			defaultConfigurationIsVisible = 0;
			defaultConfigurationName = Release;
		};
		A1BF0B852CF0201600F34832 /* Build configuration list for PBXNativeTarget "FetchInterviewTests" */ = {
			isa = XCConfigurationList;
			buildConfigurations = (
				A1BF0B862CF0201600F34832 /* Debug */,
				A1BF0B872CF0201600F34832 /* Release */,
			);
			defaultConfigurationIsVisible = 0;
			defaultConfigurationName = Release;
		};
		A1BF0B882CF0201600F34832 /* Build configuration list for PBXNativeTarget "FetchInterviewUITests" */ = {
			isa = XCConfigurationList;
			buildConfigurations = (
				A1BF0B892CF0201600F34832 /* Debug */,
				A1BF0B8A2CF0201600F34832 /* Release */,
			);
			defaultConfigurationIsVisible = 0;
			defaultConfigurationName = Release;
		};
/* End XCConfigurationList section */
	};
	rootObject = A1BF0B562CF0201500F34832 /* Project object */;
}
